{
	"name": "queuecallback-userevents",
	"version": "1.0.0",
	"lockfileVersion": 3,
	"requires": true,
	"packages": {
		"": {
			"name": "queuecallback-userevents",
			"version": "1.0.0",
			"license": "Commercial",
			"dependencies": {
				"freepbx": "^3.0.0"
			}
		},
		"node_modules/@freepbx/astman": {
			"version": "1.0.0",
			"resolved": "https://registry.npmjs.org/@freepbx/astman/-/astman-1.0.0.tgz",
			"integrity": "sha512-2YE2YjBFqtBWbk5iuLwd4n2DcMQM+wxdqeFwEs0YCh2Q2meLFyrUFXOQHQZ53fZZuCwgUgeweYDRNVKmk97ypw=="
		},
		"node_modules/async": {
			"version": "1.5.2",
			"resolved": "https://registry.npmjs.org/async/-/async-1.5.2.tgz",
			"integrity": "sha512-nSVgobk4rv61R9PUSDtYt7mPVB2olxNR5RWJcAsH676/ef11bUZwvu7+RGYrYauVdDPcO519v68wRhXQtxsV9w=="
		},
		"node_modules/bignumber.js": {
			"version": "9.0.0",
			"resolved": "https://registry.npmjs.org/bignumber.js/-/bignumber.js-9.0.0.tgz",
			"integrity": "sha512-t/OYhhJ2SD+YGBQcjY8GzzDHEk9f3nerxjtfa6tlMXfe7frs/WozhvCNoGvpM0P3bNf3Gq5ZRMlGr5f3r4/N8A==",
			"engines": {
				"node": "*"
			}
		},
		"node_modules/bluebird": {
			"version": "3.7.2",
			"resolved": "https://registry.npmjs.org/bluebird/-/bluebird-3.7.2.tgz",
			"integrity": "sha512-XpNj6GDQzdfW+r2Wnn7xiSAd7TM3jzkxGXBGTtWKuSXv1xUV+azxAm8jdWZN06QTQk+2N2XB9jRDkvbmQmcRtg=="
		},
		"node_modules/core-util-is": {
			"version": "1.0.3",
			"resolved": "https://registry.npmjs.org/core-util-is/-/core-util-is-1.0.3.tgz",
			"integrity": "sha512-ZQBvi1DcpJ4GDqanjucZ2Hj3wEO5pZDS89BWbkcrvdxksJorwUDDZamX9ldFkp9aw2lmBDLgkObEA4DWNJ9FYQ=="
		},
		"node_modules/freepbx": {
			"version": "3.0.0",
			"resolved": "https://registry.npmjs.org/freepbx/-/freepbx-3.0.0.tgz",
			"integrity": "sha512-725d1s6SkbFkXlJ2YI/+cKqPjwb44CysUWjyu08XYTwQOAQC29ndGv7GD+mJz2x9kuDHdHGBoFTOVjAV5rSqIA==",
			"dependencies": {
				"@freepbx/astman": "^1.0.0",
				"async": "^1.5.0",
				"bluebird": "^3.5.0",
				"locutus": "^2.0.9",
				"mysql": "^2.14.0",
				"uuid": "^3.1.0"
			},
			"engines": {
				"node": ">= 0.12"
			}
		},
		"node_modules/inherits": {
			"version": "2.0.4",
			"resolved": "https://registry.npmjs.org/inherits/-/inherits-2.0.4.tgz",
			"integrity": "sha512-k/vGaX4/Yla3WzyMCvTQOXYeIHvqOKtnqBduzTHpzpQZzAskKMhZ2K+EnBiSM9zGSoIFeMpXKxa4dYeZIQqewQ=="
		},
		"node_modules/isarray": {
			"version": "1.0.0",
			"resolved": "https://registry.npmjs.org/isarray/-/isarray-1.0.0.tgz",
			"integrity": "sha512-VLghIWNM6ELQzo7zwmcg0NmTVyWKYjvIeM83yjp0wRDTmUnrM678fQbcKBo6n2CJEF0szoG//ytg+TKla89ALQ=="
		},
		"node_modules/locutus": {
			"version": "2.0.32",
			"resolved": "https://registry.npmjs.org/locutus/-/locutus-2.0.32.tgz",
			"integrity": "sha512-fr7OCpbE4xeefhHqfh6hM2/l9ZB3XvClHgtgFnQNImrM/nqL950o6FO98vmUH8GysfQRCcyBYtZ4C8GcY52Edw==",
			"engines": {
				"node": ">= 10",
				"yarn": ">= 1"
			}
		},
		"node_modules/mysql": {
			"version": "2.18.1",
			"resolved": "https://registry.npmjs.org/mysql/-/mysql-2.18.1.tgz",
			"integrity": "sha512-Bca+gk2YWmqp2Uf6k5NFEurwY/0td0cpebAucFpY/3jhrwrVGuxU2uQFCHjU19SJfje0yQvi+rVWdq78hR5lig==",
			"dependencies": {
				"bignumber.js": "9.0.0",
				"readable-stream": "2.3.7",
				"safe-buffer": "5.1.2",
				"sqlstring": "2.3.1"
			},
			"engines": {
				"node": ">= 0.6"
			}
		},
		"node_modules/process-nextick-args": {
			"version": "2.0.1",
			"resolved": "https://registry.npmjs.org/process-nextick-args/-/process-nextick-args-2.0.1.tgz",
			"integrity": "sha512-3ouUOpQhtgrbOa17J7+uxOTpITYWaGP7/AhoR3+A+/1e9skrzelGi/dXzEYyvbxubEF6Wn2ypscTKiKJFFn1ag=="
		},
		"node_modules/readable-stream": {
			"version": "2.3.7",
			"resolved": "https://registry.npmjs.org/readable-stream/-/readable-stream-2.3.7.tgz",
			"integrity": "sha512-Ebho8K4jIbHAxnuxi7o42OrZgF/ZTNcsZj6nRKyUmkhLFq8CHItp/fy6hQZuZmP/n3yZ9VBUbp4zz/mX8hmYPw==",
			"dependencies": {
				"core-util-is": "~1.0.0",
				"inherits": "~2.0.3",
				"isarray": "~1.0.0",
				"process-nextick-args": "~2.0.0",
				"safe-buffer": "~5.1.1",
				"string_decoder": "~1.1.1",
				"util-deprecate": "~1.0.1"
			}
		},
		"node_modules/safe-buffer": {
			"version": "5.1.2",
			"resolved": "https://registry.npmjs.org/safe-buffer/-/safe-buffer-5.1.2.tgz",
			"integrity": "sha512-Gd2UZBJDkXlY7GbJxfsE8/nvKkUEU1G38c1siN6QP6a9PT9MmHB8GnpscSmMJSoF8LOIrt8ud/wPtojys4G6+g=="
		},
		"node_modules/sqlstring": {
			"version": "2.3.1",
			"resolved": "https://registry.npmjs.org/sqlstring/-/sqlstring-2.3.1.tgz",
			"integrity": "sha512-ooAzh/7dxIG5+uDik1z/Rd1vli0+38izZhGzSa34FwR7IbelPWCCKSNIl8jlL/F7ERvy8CB2jNeM1E9i9mXMAQ==",
			"engines": {
				"node": ">= 0.6"
			}
		},
		"node_modules/string_decoder": {
			"version": "1.1.1",
			"resolved": "https://registry.npmjs.org/string_decoder/-/string_decoder-1.1.1.tgz",
			"integrity": "sha512-n/ShnvDi6FHbbVfviro+WojiFzv+s8MPMHBczVePfUpDJLwoLT0ht1l4YwBCbi8pJAveEEdnkHyPyTP/mzRfwg==",
			"dependencies": {
				"safe-buffer": "~5.1.0"
			}
		},
		"node_modules/util-deprecate": {
			"version": "1.0.2",
			"resolved": "https://registry.npmjs.org/util-deprecate/-/util-deprecate-1.0.2.tgz",
			"integrity": "sha512-EPD5q1uXyFxJpCrLnCc1nHnq3gOa6DZBocAIiI2TaSCA7VCJ1UJDMagCzIkXNsUYfD1daK//LTEQ8xiIbrHtcw=="
		},
		"node_modules/uuid": {
			"version": "3.4.0",
			"resolved": "https://registry.npmjs.org/uuid/-/uuid-3.4.0.tgz",
			"integrity": "sha512-HjSDRw6gZE5JMggctHBcjVak08+KEVhSIiDzFnT9S9aegmp85S/bReBVTb4QTFaRNptJ9kuYaNhnbNEOkbKb/A==",
			"deprecated": "Please upgrade  to version 7 or higher.  Older versions may use Math.random() in certain circumstances, which is known to be problematic.  See https://v8.dev/blog/math-random for details.",
			"bin": {
				"uuid": "bin/uuid"
			}
		}
	}
}
